
Microsoft Visual Studio Solution File, Format Version 12.00
# Visual Studio 15
VisualStudioVersion = 15.0.28010.2036
MinimumVisualStudioVersion = 10.0.40219.1
Project("{FAE04EC0-301F-11D3-BF4B-00C04F79EFBC}") = "Entidades", "Entidades\Entidades.csproj", "{2FA90A42-C85E-495A-BAAB-2BD879E2E728}"
EndProject
Project("{FAE04EC0-301F-11D3-BF4B-00C04F79EFBC}") = "Negocio", "Negocio\Negocio.csproj", "{D49BD041-F775-45DE-9279-37DD48579EA6}"
EndProject
Project("{FAE04EC0-301F-11D3-BF4B-00C04F79EFBC}") = "Datos", "Datos\Datos.csproj", "{415D09D8-C7B8-477F-828F-5FE628A7169C}"
EndProject
Project("{FAE04EC0-301F-11D3-BF4B-00C04F79EFBC}") = "Util", "Util\Util.csproj", "{4B0029C2-35DD-40A6-B7AE-A9928408C7E4}"
EndProject
Project("{FAE04EC0-301F-11D3-BF4B-00C04F79EFBC}") = "Escritorio", "Escritorio\Escritorio.csproj", "{70BFB1A5-D165-41F2-9D23-4BE29D1A1DD6}"
EndProject
Project("{54435603-DBB4-11D2-8724-00A0C9A8B90C}") = "Setup", "Setup\Setup.vdproj", "{D7591E5E-AF3E-4485-9C99-EEBB519A38E6}"
EndProject
Global
	GlobalSection(SolutionConfigurationPlatforms) = preSolution
		Debug|Any CPU = Debug|Any CPU
		Debug|x64 = Debug|x64
		Debug|x86 = Debug|x86
		Release|Any CPU = Release|Any CPU
		Release|x64 = Release|x64
		Release|x86 = Release|x86
	EndGlobalSection
	GlobalSection(ProjectConfigurationPlatforms) = postSolution
		{2FA90A42-C85E-495A-BAAB-2BD879E2E728}.Debug|Any CPU.ActiveCfg = Debug|Any CPU
		{2FA90A42-C85E-495A-BAAB-2BD879E2E728}.Debug|Any CPU.Build.0 = Debug|Any CPU
		{2FA90A42-C85E-495A-BAAB-2BD879E2E728}.Debug|x64.ActiveCfg = Debug|Any CPU
		{2FA90A42-C85E-495A-BAAB-2BD879E2E728}.Debug|x64.Build.0 = Debug|Any CPU
		{2FA90A42-C85E-495A-BAAB-2BD879E2E728}.Debug|x86.ActiveCfg = Debug|Any CPU
		{2FA90A42-C85E-495A-BAAB-2BD879E2E728}.Debug|x86.Build.0 = Debug|Any CPU
		{2FA90A42-C85E-495A-BAAB-2BD879E2E728}.Release|Any CPU.ActiveCfg = Release|Any CPU
		{2FA90A42-C85E-495A-BAAB-2BD879E2E728}.Release|Any CPU.Build.0 = Release|Any CPU
		{2FA90A42-C85E-495A-BAAB-2BD879E2E728}.Release|x64.ActiveCfg = Release|Any CPU
		{2FA90A42-C85E-495A-BAAB-2BD879E2E728}.Release|x64.Build.0 = Release|Any CPU
		{2FA90A42-C85E-495A-BAAB-2BD879E2E728}.Release|x86.ActiveCfg = Release|Any CPU
		{2FA90A42-C85E-495A-BAAB-2BD879E2E728}.Release|x86.Build.0 = Release|Any CPU
		{D49BD041-F775-45DE-9279-37DD48579EA6}.Debug|Any CPU.ActiveCfg = Debug|Any CPU
		{D49BD041-F775-45DE-9279-37DD48579EA6}.Debug|Any CPU.Build.0 = Debug|Any CPU
		{D49BD041-F775-45DE-9279-37DD48579EA6}.Debug|x64.ActiveCfg = Debug|Any CPU
		{D49BD041-F775-45DE-9279-37DD48579EA6}.Debug|x64.Build.0 = Debug|Any CPU
		{D49BD041-F775-45DE-9279-37DD48579EA6}.Debug|x86.ActiveCfg = Debug|Any CPU
		{D49BD041-F775-45DE-9279-37DD48579EA6}.Debug|x86.Build.0 = Debug|Any CPU
		{D49BD041-F775-45DE-9279-37DD48579EA6}.Release|Any CPU.ActiveCfg = Release|Any CPU
		{D49BD041-F775-45DE-9279-37DD48579EA6}.Release|Any CPU.Build.0 = Release|Any CPU
		{D49BD041-F775-45DE-9279-37DD48579EA6}.Release|x64.ActiveCfg = Release|Any CPU
		{D49BD041-F775-45DE-9279-37DD48579EA6}.Release|x64.Build.0 = Release|Any CPU
		{D49BD041-F775-45DE-9279-37DD48579EA6}.Release|x86.ActiveCfg = Release|Any CPU
		{D49BD041-F775-45DE-9279-37DD48579EA6}.Release|x86.Build.0 = Release|Any CPU
		{415D09D8-C7B8-477F-828F-5FE628A7169C}.Debug|Any CPU.ActiveCfg = Debug|Any CPU
		{415D09D8-C7B8-477F-828F-5FE628A7169C}.Debug|Any CPU.Build.0 = Debug|Any CPU
		{415D09D8-C7B8-477F-828F-5FE628A7169C}.Debug|x64.ActiveCfg = Debug|Any CPU
		{415D09D8-C7B8-477F-828F-5FE628A7169C}.Debug|x64.Build.0 = Debug|Any CPU
		{415D09D8-C7B8-477F-828F-5FE628A7169C}.Debug|x86.ActiveCfg = Debug|Any CPU
		{415D09D8-C7B8-477F-828F-5FE628A7169C}.Debug|x86.Build.0 = Debug|Any CPU
		{415D09D8-C7B8-477F-828F-5FE628A7169C}.Release|Any CPU.ActiveCfg = Release|Any CPU
		{415D09D8-C7B8-477F-828F-5FE628A7169C}.Release|Any CPU.Build.0 = Release|Any CPU
		{415D09D8-C7B8-477F-828F-5FE628A7169C}.Release|x64.ActiveCfg = Release|Any CPU
		{415D09D8-C7B8-477F-828F-5FE628A7169C}.Release|x64.Build.0 = Release|Any CPU
		{415D09D8-C7B8-477F-828F-5FE628A7169C}.Release|x86.ActiveCfg = Release|Any CPU
		{415D09D8-C7B8-477F-828F-5FE628A7169C}.Release|x86.Build.0 = Release|Any CPU
		{4B0029C2-35DD-40A6-B7AE-A9928408C7E4}.Debug|Any CPU.ActiveCfg = Debug|Any CPU
		{4B0029C2-35DD-40A6-B7AE-A9928408C7E4}.Debug|Any CPU.Build.0 = Debug|Any CPU
		{4B0029C2-35DD-40A6-B7AE-A9928408C7E4}.Debug|x64.ActiveCfg = Debug|Any CPU
		{4B0029C2-35DD-40A6-B7AE-A9928408C7E4}.Debug|x64.Build.0 = Debug|Any CPU
		{4B0029C2-35DD-40A6-B7AE-A9928408C7E4}.Debug|x86.ActiveCfg = Debug|Any CPU
		{4B0029C2-35DD-40A6-B7AE-A9928408C7E4}.Debug|x86.Build.0 = Debug|Any CPU
		{4B0029C2-35DD-40A6-B7AE-A9928408C7E4}.Release|Any CPU.ActiveCfg = Release|Any CPU
		{4B0029C2-35DD-40A6-B7AE-A9928408C7E4}.Release|Any CPU.Build.0 = Release|Any CPU
		{4B0029C2-35DD-40A6-B7AE-A9928408C7E4}.Release|x64.ActiveCfg = Release|Any CPU
		{4B0029C2-35DD-40A6-B7AE-A9928408C7E4}.Release|x64.Build.0 = Release|Any CPU
		{4B0029C2-35DD-40A6-B7AE-A9928408C7E4}.Release|x86.ActiveCfg = Release|Any CPU
		{4B0029C2-35DD-40A6-B7AE-A9928408C7E4}.Release|x86.Build.0 = Release|Any CPU
		{70BFB1A5-D165-41F2-9D23-4BE29D1A1DD6}.Debug|Any CPU.ActiveCfg = Debug|Any CPU
		{70BFB1A5-D165-41F2-9D23-4BE29D1A1DD6}.Debug|Any CPU.Build.0 = Debug|Any CPU
		{70BFB1A5-D165-41F2-9D23-4BE29D1A1DD6}.Debug|x64.ActiveCfg = Debug|Any CPU
		{70BFB1A5-D165-41F2-9D23-4BE29D1A1DD6}.Debug|x64.Build.0 = Debug|Any CPU
		{70BFB1A5-D165-41F2-9D23-4BE29D1A1DD6}.Debug|x86.ActiveCfg = Debug|Any CPU
		{70BFB1A5-D165-41F2-9D23-4BE29D1A1DD6}.Debug|x86.Build.0 = Debug|Any CPU
		{70BFB1A5-D165-41F2-9D23-4BE29D1A1DD6}.Release|Any CPU.ActiveCfg = Release|Any CPU
		{70BFB1A5-D165-41F2-9D23-4BE29D1A1DD6}.Release|Any CPU.Build.0 = Release|Any CPU
		{70BFB1A5-D165-41F2-9D23-4BE29D1A1DD6}.Release|x64.ActiveCfg = Release|Any CPU
		{70BFB1A5-D165-41F2-9D23-4BE29D1A1DD6}.Release|x64.Build.0 = Release|Any CPU
		{70BFB1A5-D165-41F2-9D23-4BE29D1A1DD6}.Release|x86.ActiveCfg = Release|Any CPU
		{70BFB1A5-D165-41F2-9D23-4BE29D1A1DD6}.Release|x86.Build.0 = Release|Any CPU
		{D7591E5E-AF3E-4485-9C99-EEBB519A38E6}.Debug|Any CPU.ActiveCfg = Debug
		{D7591E5E-AF3E-4485-9C99-EEBB519A38E6}.Debug|x64.ActiveCfg = Debug
		{D7591E5E-AF3E-4485-9C99-EEBB519A38E6}.Debug|x86.ActiveCfg = Debug
		{D7591E5E-AF3E-4485-9C99-EEBB519A38E6}.Release|Any CPU.ActiveCfg = Release
		{D7591E5E-AF3E-4485-9C99-EEBB519A38E6}.Release|x64.ActiveCfg = Release
		{D7591E5E-AF3E-4485-9C99-EEBB519A38E6}.Release|x86.ActiveCfg = Release
	EndGlobalSection
	GlobalSection(SolutionProperties) = preSolution
		HideSolutionNode = FALSE
	EndGlobalSection
	GlobalSection(ExtensibilityGlobals) = postSolution
		SolutionGuid = {4A71CB1B-84CA-4C56-85BF-686F86BA37A3}
	EndGlobalSection
EndGlobal
